# This file was autogenerated by uv via the following command:
#    uv pip compile pyproject.toml -o requirements.lock --python-version 3.13 --no-emit-package trafficmind
aiosqlite==0.22.1
    # via trafficmind (pyproject.toml)
alembic==1.18.4
    # via trafficmind (pyproject.toml)
annotated-doc==0.0.4
    # via fastapi
annotated-types==0.7.0
    # via pydantic
anyio==4.13.0
    # via
    #   httpx
    #   starlette
    #   watchfiles
asyncpg==0.31.0
    # via trafficmind (pyproject.toml)
certifi==2026.2.25
    # via
    #   httpcore
    #   httpx
    #   requests
charset-normalizer==3.4.7
    # via requests
click==8.3.2
    # via uvicorn
colorama==0.4.6
    # via
    #   click
    #   tqdm
    #   uvicorn
contourpy==1.3.3
    # via matplotlib
cycler==0.12.1
    # via matplotlib
defusedxml==0.7.1
    # via supervision
fastapi==0.135.3
    # via trafficmind (pyproject.toml)
fonttools==4.62.1
    # via matplotlib
greenlet==3.3.2
    # via sqlalchemy
h11==0.16.0
    # via
    #   httpcore
    #   uvicorn
httpcore==1.0.9
    # via httpx
httptools==0.7.1
    # via uvicorn
httpx==0.28.1
    # via trafficmind (pyproject.toml)
idna==3.11
    # via
    #   anyio
    #   httpx
    #   requests
kiwisolver==1.5.0
    # via matplotlib
mako==1.3.10
    # via alembic
markupsafe==3.0.3
    # via mako
matplotlib==3.10.8
    # via supervision
numpy==2.4.4
    # via
    #   trafficmind (pyproject.toml)
    #   contourpy
    #   matplotlib
    #   opencv-python
    #   scipy
    #   supervision
opencv-python==4.13.0.92
    # via
    #   trafficmind (pyproject.toml)
    #   supervision
packaging==26.0
    # via matplotlib
pillow==12.2.0
    # via
    #   matplotlib
    #   supervision
pydantic==2.12.5
    # via
    #   trafficmind (pyproject.toml)
    #   fastapi
    #   pydantic-settings
pydantic-core==2.41.5
    # via pydantic
pydantic-settings==2.13.1
    # via trafficmind (pyproject.toml)
pydeprecate==0.5.0
    # via supervision
pyparsing==3.3.2
    # via matplotlib
python-dateutil==2.9.0.post0
    # via matplotlib
python-dotenv==1.2.2
    # via
    #   trafficmind (pyproject.toml)
    #   pydantic-settings
    #   uvicorn
pyyaml==6.0.3
    # via
    #   supervision
    #   uvicorn
requests==2.33.1
    # via supervision
scipy==1.17.1
    # via supervision
six==1.17.0
    # via python-dateutil
sqlalchemy==2.0.49
    # via
    #   trafficmind (pyproject.toml)
    #   alembic
starlette==1.0.0
    # via fastapi
supervision==0.27.0.post2
    # via trafficmind (pyproject.toml)
tqdm==4.67.3
    # via supervision
typing-extensions==4.15.0
    # via
    #   alembic
    #   fastapi
    #   pydantic
    #   pydantic-core
    #   sqlalchemy
    #   typing-inspection
typing-inspection==0.4.2
    # via
    #   fastapi
    #   pydantic
    #   pydantic-settings
urllib3==2.6.3
    # via requests
uvicorn==0.43.0
    # via trafficmind (pyproject.toml)
watchfiles==1.1.1
    # via uvicorn
websockets==16.0
    # via uvicorn
