# This file was autogenerated by uv via the following command:
#    uv pip compile pyproject.toml --extra dev --extra workflow -o requirements-dev.lock --python-version 3.13 --no-emit-package trafficmind
aiosqlite==0.22.1
    # via trafficmind (pyproject.toml)
alembic==1.18.4
    # via trafficmind (pyproject.toml)
annotated-doc==0.0.4
    # via fastapi
annotated-types==0.7.0
    # via pydantic
anyio==4.13.0
    # via
    #   httpx
    #   openai
    #   starlette
    #   watchfiles
asyncpg==0.31.0
    # via trafficmind (pyproject.toml)
certifi==2026.2.25
    # via
    #   httpcore
    #   httpx
    #   requests
charset-normalizer==3.4.7
    # via requests
click==8.3.2
    # via uvicorn
colorama==0.4.6
    # via
    #   click
    #   pytest
    #   tqdm
    #   uvicorn
contourpy==1.3.3
    # via matplotlib
coverage==7.13.5
    # via pytest-cov
cycler==0.12.1
    # via matplotlib
defusedxml==0.7.1
    # via supervision
distro==1.9.0
    # via openai
fastapi==0.135.3
    # via trafficmind (pyproject.toml)
fonttools==4.62.1
    # via matplotlib
greenlet==3.3.2
    # via sqlalchemy
h11==0.16.0
    # via
    #   httpcore
    #   uvicorn
httpcore==1.0.9
    # via httpx
httptools==0.7.1
    # via uvicorn
httpx==0.28.1
    # via
    #   trafficmind (pyproject.toml)
    #   langgraph-sdk
    #   langsmith
    #   openai
idna==3.11
    # via
    #   anyio
    #   httpx
    #   requests
iniconfig==2.3.0
    # via pytest
jiter==0.13.0
    # via openai
jsonpatch==1.33
    # via langchain-core
jsonpointer==3.1.1
    # via jsonpatch
kiwisolver==1.5.0
    # via matplotlib
langchain-core==1.2.26
    # via
    #   langchain-openai
    #   langgraph
    #   langgraph-checkpoint
    #   langgraph-prebuilt
langchain-openai==1.1.12
    # via trafficmind (pyproject.toml)
langgraph==1.1.6
    # via trafficmind (pyproject.toml)
langgraph-checkpoint==4.0.1
    # via
    #   langgraph
    #   langgraph-prebuilt
langgraph-prebuilt==1.0.9
    # via langgraph
langgraph-sdk==0.3.12
    # via langgraph
langsmith==0.7.25
    # via langchain-core
mako==1.3.10
    # via alembic
markupsafe==3.0.3
    # via mako
matplotlib==3.10.8
    # via supervision
numpy==2.4.4
    # via
    #   trafficmind (pyproject.toml)
    #   contourpy
    #   matplotlib
    #   opencv-python
    #   scipy
    #   supervision
openai==2.30.0
    # via langchain-openai
opencv-python==4.13.0.92
    # via
    #   trafficmind (pyproject.toml)
    #   supervision
orjson==3.11.8
    # via
    #   langgraph-sdk
    #   langsmith
ormsgpack==1.12.2
    # via langgraph-checkpoint
packaging==26.0
    # via
    #   langchain-core
    #   langsmith
    #   matplotlib
    #   pytest
pillow==12.2.0
    # via
    #   matplotlib
    #   supervision
pluggy==1.6.0
    # via
    #   pytest
    #   pytest-cov
pydantic==2.12.5
    # via
    #   trafficmind (pyproject.toml)
    #   fastapi
    #   langchain-core
    #   langgraph
    #   langsmith
    #   openai
    #   pydantic-settings
pydantic-core==2.41.5
    # via pydantic
pydantic-settings==2.13.1
    # via trafficmind (pyproject.toml)
pydeprecate==0.5.0
    # via supervision
pygments==2.20.0
    # via pytest
pyparsing==3.3.2
    # via matplotlib
pytest==9.0.2
    # via
    #   trafficmind (pyproject.toml)
    #   pytest-asyncio
    #   pytest-cov
pytest-asyncio==1.3.0
    # via trafficmind (pyproject.toml)
pytest-cov==7.1.0
    # via trafficmind (pyproject.toml)
python-dateutil==2.9.0.post0
    # via matplotlib
python-dotenv==1.2.2
    # via
    #   trafficmind (pyproject.toml)
    #   pydantic-settings
    #   uvicorn
pyyaml==6.0.3
    # via
    #   langchain-core
    #   supervision
    #   uvicorn
regex==2026.4.4
    # via tiktoken
requests==2.33.1
    # via
    #   langsmith
    #   requests-toolbelt
    #   supervision
    #   tiktoken
requests-toolbelt==1.0.0
    # via langsmith
ruff==0.15.9
    # via trafficmind (pyproject.toml)
scipy==1.17.1
    # via supervision
six==1.17.0
    # via python-dateutil
sniffio==1.3.1
    # via openai
sqlalchemy==2.0.49
    # via
    #   trafficmind (pyproject.toml)
    #   alembic
starlette==1.0.0
    # via fastapi
supervision==0.27.0.post2
    # via trafficmind (pyproject.toml)
tenacity==9.1.4
    # via langchain-core
tiktoken==0.12.0
    # via langchain-openai
tqdm==4.67.3
    # via
    #   openai
    #   supervision
typing-extensions==4.15.0
    # via
    #   alembic
    #   fastapi
    #   langchain-core
    #   openai
    #   pydantic
    #   pydantic-core
    #   sqlalchemy
    #   typing-inspection
typing-inspection==0.4.2
    # via
    #   fastapi
    #   pydantic
    #   pydantic-settings
urllib3==2.6.3
    # via requests
uuid-utils==0.14.1
    # via
    #   langchain-core
    #   langsmith
uvicorn==0.43.0
    # via trafficmind (pyproject.toml)
watchfiles==1.1.1
    # via uvicorn
websockets==16.0
    # via uvicorn
xxhash==3.6.0
    # via
    #   langgraph
    #   langsmith
zstandard==0.25.0
    # via langsmith
